# This is a Gradle generated file for dependency locking.
# Manual edits can break the build and are not advised.
# This file is expected to be part of source control.
# To regenerate this file, run: ./gradlew :dependencies --write-locks
ch.qos.logback:logback-classic:1.3.14=compileClasspath,runtimeClasspath,testCompileClasspath,testRuntimeClasspath
ch.qos.logback:logback-core:1.3.14=compileClasspath,runtimeClasspath,testCompileClasspath,testRuntimeClasspath
com.fasterxml.jackson.core:jackson-annotations:2.11.4=compileClasspath,runtimeClasspath,testCompileClasspath,testRuntimeClasspath
com.fasterxml.jackson.core:jackson-core:2.11.4=compileClasspath,runtimeClasspath,testCompileClasspath,testRuntimeClasspath
com.fasterxml.jackson.core:jackson-databind:2.11.4=compileClasspath,runtimeClasspath,testCompileClasspath,testRuntimeClasspath
com.github.ben-manes.caffeine:caffeine:2.8.1=compileClasspath,runtimeClasspath,testCompileClasspath,testRuntimeClasspath
com.github.jsonld-java:jsonld-java:0.13.3=compileClasspath,runtimeClasspath,testCompileClasspath,testRuntimeClasspath
com.github.vsonnier:hppcrt:0.7.5=compileClasspath,runtimeClasspath,testCompileClasspath,testRuntimeClasspath
com.google.code.findbugs:jsr305:3.0.2=compileClasspath,runtimeClasspath,testCompileClasspath,testRuntimeClasspath
com.google.errorprone:error_prone_annotations:2.26.1=compileClasspath,runtimeClasspath,testCompileClasspath,testRuntimeClasspath
com.google.guava:failureaccess:1.0.2=compileClasspath,runtimeClasspath,testCompileClasspath,testRuntimeClasspath
com.google.guava:guava:33.2.0-jre=compileClasspath,runtimeClasspath,testCompileClasspath,testRuntimeClasspath
com.google.guava:listenablefuture:9999.0-empty-to-avoid-conflict-with-guava=compileClasspath,runtimeClasspath,testCompileClasspath,testRuntimeClasspath
com.google.j2objc:j2objc-annotations:3.0.0=compileClasspath,testCompileClasspath
commons-codec:commons-codec:1.11=compileClasspath,runtimeClasspath,testCompileClasspath,testRuntimeClasspath
commons-io:commons-io:2.8.0=compileClasspath,runtimeClasspath,testCompileClasspath,testRuntimeClasspath
dk.brics.automaton:automaton:1.11-8=compileClasspath,runtimeClasspath,testCompileClasspath,testRuntimeClasspath
gnu.getopt:java-getopt:1.0.13=compileClasspath,runtimeClasspath,testCompileClasspath,testRuntimeClasspath
io.github.liveontologies:elk-owl-implementation:0.6.0=compileClasspath,runtimeClasspath,testCompileClasspath,testRuntimeClasspath
io.github.liveontologies:elk-owl-model:0.6.0=compileClasspath,runtimeClasspath,testCompileClasspath,testRuntimeClasspath
io.github.liveontologies:elk-owlapi:0.6.0=compileClasspath,runtimeClasspath,testCompileClasspath,testRuntimeClasspath
io.github.liveontologies:elk-proofs:0.6.0=compileClasspath,runtimeClasspath,testCompileClasspath,testRuntimeClasspath
io.github.liveontologies:elk-reasoner:0.6.0=compileClasspath,runtimeClasspath,testCompileClasspath,testRuntimeClasspath
io.github.liveontologies:elk-util-collections:0.6.0=compileClasspath,runtimeClasspath,testCompileClasspath,testRuntimeClasspath
io.github.liveontologies:elk-util-common:0.6.0=compileClasspath,runtimeClasspath,testCompileClasspath,testRuntimeClasspath
io.github.liveontologies:elk-util-concurrent:0.6.0=compileClasspath,runtimeClasspath,testCompileClasspath,testRuntimeClasspath
io.github.liveontologies:elk-util-hashing:0.6.0=compileClasspath,runtimeClasspath,testCompileClasspath,testRuntimeClasspath
io.github.liveontologies:elk-util-io:0.6.0=compileClasspath,runtimeClasspath,testCompileClasspath,testRuntimeClasspath
io.github.liveontologies:elk-util-logging:0.6.0=compileClasspath,runtimeClasspath,testCompileClasspath,testRuntimeClasspath
javax.activation:javax.activation-api:1.2.0=compileClasspath,runtimeClasspath,testCompileClasspath,testRuntimeClasspath
javax.inject:javax.inject:1=compileClasspath,runtimeClasspath,testCompileClasspath,testRuntimeClasspath
javax.xml.bind:jaxb-api:2.3.1=compileClasspath,runtimeClasspath,testCompileClasspath,testRuntimeClasspath
jaxen:jaxen:1.1.4=compileClasspath,runtimeClasspath,testCompileClasspath,testRuntimeClasspath
net.sf.trove4j:trove4j:3.0.3=compileClasspath,runtimeClasspath,testCompileClasspath,testRuntimeClasspath
net.sourceforge.owlapi:org.semanticweb.hermit:1.4.5.519=compileClasspath,runtimeClasspath,testCompileClasspath,testRuntimeClasspath
net.sourceforge.owlapi:owlapi-api:5.1.20=compileClasspath,runtimeClasspath,testCompileClasspath,testRuntimeClasspath
net.sourceforge.owlapi:owlapi-apibinding:5.1.20=compileClasspath,runtimeClasspath,testCompileClasspath,testRuntimeClasspath
net.sourceforge.owlapi:owlapi-compatibility:5.1.20=compileClasspath,runtimeClasspath,testCompileClasspath,testRuntimeClasspath
net.sourceforge.owlapi:owlapi-distribution:5.1.20=compileClasspath,runtimeClasspath,testCompileClasspath,testRuntimeClasspath
net.sourceforge.owlapi:owlapi-impl:5.1.20=compileClasspath,runtimeClasspath,testCompileClasspath,testRuntimeClasspath
net.sourceforge.owlapi:owlapi-oboformat:5.1.20=compileClasspath,runtimeClasspath,testCompileClasspath,testRuntimeClasspath
net.sourceforge.owlapi:owlapi-parsers:5.1.20=compileClasspath,runtimeClasspath,testCompileClasspath,testRuntimeClasspath
net.sourceforge.owlapi:owlapi-rio:5.1.20=compileClasspath,runtimeClasspath,testCompileClasspath,testRuntimeClasspath
net.sourceforge.owlapi:owlapi-tools:5.1.20=compileClasspath,runtimeClasspath,testCompileClasspath,testRuntimeClasspath
org.apache.commons:commons-rdf-api:0.5.0=compileClasspath,runtimeClasspath,testCompileClasspath,testRuntimeClasspath
org.apache.geronimo.specs:geronimo-activation_1.1_spec:1.1=compileClasspath,runtimeClasspath,testCompileClasspath,testRuntimeClasspath
org.apache.geronimo.specs:geronimo-javamail_1.4_spec:1.7.1=compileClasspath,runtimeClasspath,testCompileClasspath,testRuntimeClasspath
org.apache.geronimo.specs:geronimo-stax-api_1.0_spec:1.0.1=compileClasspath,runtimeClasspath,testCompileClasspath,testRuntimeClasspath
org.apache.httpcomponents:fluent-hc:4.5.13=compileClasspath,runtimeClasspath,testCompileClasspath,testRuntimeClasspath
org.apache.httpcomponents:httpclient-cache:4.5.13=compileClasspath,runtimeClasspath,testCompileClasspath,testRuntimeClasspath
org.apache.httpcomponents:httpclient-osgi:4.5.13=compileClasspath,runtimeClasspath,testCompileClasspath,testRuntimeClasspath
org.apache.httpcomponents:httpclient:4.5.13=compileClasspath,runtimeClasspath,testCompileClasspath,testRuntimeClasspath
org.apache.httpcomponents:httpcore-nio:4.4.14=compileClasspath,runtimeClasspath,testCompileClasspath,testRuntimeClasspath
org.apache.httpcomponents:httpcore-osgi:4.4.14=compileClasspath,runtimeClasspath,testCompileClasspath,testRuntimeClasspath
org.apache.httpcomponents:httpcore:4.4.14=compileClasspath,runtimeClasspath,testCompileClasspath,testRuntimeClasspath
org.apache.httpcomponents:httpmime:4.5.13=compileClasspath,runtimeClasspath,testCompileClasspath,testRuntimeClasspath
org.apache.james:apache-mime4j-core:0.7.2=compileClasspath,runtimeClasspath,testCompileClasspath,testRuntimeClasspath
org.apache.ws.commons.axiom:axiom-api:1.2.14=compileClasspath,runtimeClasspath,testCompileClasspath,testRuntimeClasspath
org.apache.ws.commons.axiom:axiom-c14n:1.2.14=compileClasspath,runtimeClasspath,testCompileClasspath,testRuntimeClasspath
org.apache.ws.commons.axiom:axiom-dom:1.2.14=compileClasspath,runtimeClasspath,testCompileClasspath,testRuntimeClasspath
org.apache.ws.commons.axiom:axiom-impl:1.2.14=compileClasspath,runtimeClasspath,testCompileClasspath,testRuntimeClasspath
org.checkerframework:checker-qual:3.42.0=compileClasspath,runtimeClasspath,testCompileClasspath,testRuntimeClasspath
org.codehaus.woodstox:stax2-api:3.1.1=compileClasspath,runtimeClasspath,testCompileClasspath,testRuntimeClasspath
org.codehaus.woodstox:woodstox-core-asl:4.1.4=compileClasspath,runtimeClasspath,testCompileClasspath,testRuntimeClasspath
org.eclipse.rdf4j:rdf4j-model-api:3.7.4=compileClasspath,runtimeClasspath,testCompileClasspath,testRuntimeClasspath
org.eclipse.rdf4j:rdf4j-model-vocabulary:3.7.4=compileClasspath,runtimeClasspath,testCompileClasspath,testRuntimeClasspath
org.eclipse.rdf4j:rdf4j-model:3.7.4=compileClasspath,runtimeClasspath,testCompileClasspath,testRuntimeClasspath
org.eclipse.rdf4j:rdf4j-rio-api:3.7.4=compileClasspath,runtimeClasspath,testCompileClasspath,testRuntimeClasspath
org.eclipse.rdf4j:rdf4j-rio-binary:3.7.4=compileClasspath,runtimeClasspath,testCompileClasspath,testRuntimeClasspath
org.eclipse.rdf4j:rdf4j-rio-datatypes:3.7.4=compileClasspath,runtimeClasspath,testCompileClasspath,testRuntimeClasspath
org.eclipse.rdf4j:rdf4j-rio-hdt:3.7.4=compileClasspath,runtimeClasspath,testCompileClasspath,testRuntimeClasspath
org.eclipse.rdf4j:rdf4j-rio-jsonld:3.7.4=compileClasspath,runtimeClasspath,testCompileClasspath,testRuntimeClasspath
org.eclipse.rdf4j:rdf4j-rio-languages:3.7.4=compileClasspath,runtimeClasspath,testCompileClasspath,testRuntimeClasspath
org.eclipse.rdf4j:rdf4j-rio-n3:3.7.4=compileClasspath,runtimeClasspath,testCompileClasspath,testRuntimeClasspath
org.eclipse.rdf4j:rdf4j-rio-nquads:3.7.4=compileClasspath,runtimeClasspath,testCompileClasspath,testRuntimeClasspath
org.eclipse.rdf4j:rdf4j-rio-ntriples:3.7.4=compileClasspath,runtimeClasspath,testCompileClasspath,testRuntimeClasspath
org.eclipse.rdf4j:rdf4j-rio-rdfjson:3.7.4=compileClasspath,runtimeClasspath,testCompileClasspath,testRuntimeClasspath
org.eclipse.rdf4j:rdf4j-rio-rdfxml:3.7.4=compileClasspath,runtimeClasspath,testCompileClasspath,testRuntimeClasspath
org.eclipse.rdf4j:rdf4j-rio-trig:3.7.4=compileClasspath,runtimeClasspath,testCompileClasspath,testRuntimeClasspath
org.eclipse.rdf4j:rdf4j-rio-trix:3.7.4=compileClasspath,runtimeClasspath,testCompileClasspath,testRuntimeClasspath
org.eclipse.rdf4j:rdf4j-rio-turtle:3.7.4=compileClasspath,runtimeClasspath,testCompileClasspath,testRuntimeClasspath
org.eclipse.rdf4j:rdf4j-util:3.7.4=compileClasspath,runtimeClasspath,testCompileClasspath,testRuntimeClasspath
org.liveontologies:owlapi-proof:0.1.0=compileClasspath,runtimeClasspath,testCompileClasspath,testRuntimeClasspath
org.liveontologies:puli:0.1.0=compileClasspath,runtimeClasspath,testCompileClasspath,testRuntimeClasspath
org.slf4j:jcl-over-slf4j:2.0.13=compileClasspath,runtimeClasspath,testCompileClasspath,testRuntimeClasspath
org.slf4j:slf4j-api:2.0.13=compileClasspath,runtimeClasspath,testCompileClasspath,testRuntimeClasspath
org.tukaani:xz:1.6=compileClasspath,runtimeClasspath,testCompileClasspath,testRuntimeClasspath
empty=annotationProcessor,testAnnotationProcessor
